// !$*UTF8*$!
{
	archiveVersion = 1;
	classes = {
	};
	objectVersion = 54;
	objects = {

/* Begin PBXBuildFile section */
		058557BB273AAA24004C7B11 /* Assets.xcassets in Resources */ = {isa = PBXBuildFile; fileRef = 058557BA273AAA24004C7B11 /* Assets.xcassets */; };
		058557D9273AAEEB004C7B11 /* Preview Assets.xcassets in Resources */ = {isa = PBXBuildFile; fileRef = 058557D8273AAEEB004C7B11 /* Preview Assets.xcassets */; };
		7555FF83242A565900829871 /* ContentView.swift in Sources */ = {isa = PBXBuildFile; fileRef = 7555FF82242A565900829871 /* ContentView.swift */; };
		9D095FD32D1825AD00137A50 /* IosViewModel.swift in Sources */ = {isa = PBXBuildFile; fileRef = 9D095FD22D1825AD00137A50 /* IosViewModel.swift */; };
		9D095FD62D182C9A00137A50 /* KoinHelper.swift in Sources */ = {isa = PBXBuildFile; fileRef = 9D095FD52D182C9A00137A50 /* KoinHelper.swift */; };
		9D095FD92D18302B00137A50 /* SwiftMessageHelper.swift in Sources */ = {isa = PBXBuildFile; fileRef = 9D095FD82D18302B00137A50 /* SwiftMessageHelper.swift */; };
		9D43B54B2D16C5EB006AC99F /* GoogleMapView.swift in Sources */ = {isa = PBXBuildFile; fileRef = 9D43B54A2D16C5EB006AC99F /* GoogleMapView.swift */; };
		9D43B54E2D16C621006AC99F /* LocationManagerDelegate.swift in Sources */ = {isa = PBXBuildFile; fileRef = 9D43B54D2D16C621006AC99F /* LocationManagerDelegate.swift */; };
		9D43B5502D16C80E006AC99F /* map_style.json in Sources */ = {isa = PBXBuildFile; fileRef = 9D43B54F2D16C80E006AC99F /* map_style.json */; };
		9DB4467F2D14222100B80CDF /* GoogleMaps in Frameworks */ = {isa = PBXBuildFile; productRef = 9DB4467E2D14222100B80CDF /* GoogleMaps */; };
		9DB446822D142E2B00B80CDF /* FirebaseAnalytics in Frameworks */ = {isa = PBXBuildFile; productRef = 9DB446812D142E2B00B80CDF /* FirebaseAnalytics */; };
		9DB446902D142E2B00B80CDF /* FirebaseCore in Frameworks */ = {isa = PBXBuildFile; productRef = 9DB4468F2D142E2B00B80CDF /* FirebaseCore */; };
		9DB446922D142E2B00B80CDF /* FirebaseCrashlytics in Frameworks */ = {isa = PBXBuildFile; productRef = 9DB446912D142E2B00B80CDF /* FirebaseCrashlytics */; };
		9DB446942D142E2B00B80CDF /* FirebaseDatabase in Frameworks */ = {isa = PBXBuildFile; productRef = 9DB446932D142E2B00B80CDF /* FirebaseDatabase */; };
		9DB446A62D142E2B00B80CDF /* FirebaseMessaging in Frameworks */ = {isa = PBXBuildFile; productRef = 9DB446A52D142E2B00B80CDF /* FirebaseMessaging */; };
		9DB446B32D14317100B80CDF /* IQKeyboardManagerSwift in Frameworks */ = {isa = PBXBuildFile; productRef = 9DB446B22D14317100B80CDF /* IQKeyboardManagerSwift */; };
		9DB446B62D1431A100B80CDF /* SwiftMessages in Frameworks */ = {isa = PBXBuildFile; productRef = 9DB446B52D1431A100B80CDF /* SwiftMessages */; };
		9DB446B92D1431D700B80CDF /* SDWebImageSwiftUI in Frameworks */ = {isa = PBXBuildFile; productRef = 9DB446B82D1431D700B80CDF /* SDWebImageSwiftUI */; };
		9DB446C02D14404700B80CDF /* Localizable.xcstrings in Resources */ = {isa = PBXBuildFile; fileRef = 9DB446BF2D14404700B80CDF /* Localizable.xcstrings */; };
		9DB446C72D1440F600B80CDF /* ReusableTextFeild.swift in Sources */ = {isa = PBXBuildFile; fileRef = 9DB446C22D1440F600B80CDF /* ReusableTextFeild.swift */; };
		9DB446C82D1440F600B80CDF /* ReusableEditor.swift in Sources */ = {isa = PBXBuildFile; fileRef = 9DB446C32D1440F600B80CDF /* ReusableEditor.swift */; };
		9DB446C92D1440F600B80CDF /* ReusableRateView.swift in Sources */ = {isa = PBXBuildFile; fileRef = 9DB446C42D1440F600B80CDF /* ReusableRateView.swift */; };
		9DB446CA2D1440F600B80CDF /* ReusableFitScrollView.swift in Sources */ = {isa = PBXBuildFile; fileRef = 9DB446C52D1440F600B80CDF /* ReusableFitScrollView.swift */; };
		9DB446CB2D1440F600B80CDF /* ReusableAsyncImage.swift in Sources */ = {isa = PBXBuildFile; fileRef = 9DB446C62D1440F600B80CDF /* ReusableAsyncImage.swift */; };
		9DB446D22D14431600B80CDF /* ExpoArabic-Book.ttf in Resources */ = {isa = PBXBuildFile; fileRef = 9DB446CD2D14431600B80CDF /* ExpoArabic-Book.ttf */; };
		9DB446D32D14431600B80CDF /* ExpoArabic-Bold.ttf in Resources */ = {isa = PBXBuildFile; fileRef = 9DB446CE2D14431600B80CDF /* ExpoArabic-Bold.ttf */; };
		9DB446D42D14431600B80CDF /* ExpoArabic-Light.ttf in Resources */ = {isa = PBXBuildFile; fileRef = 9DB446CF2D14431600B80CDF /* ExpoArabic-Light.ttf */; };
		9DB446D52D14431600B80CDF /* ExpoArabic-Medium.ttf in Resources */ = {isa = PBXBuildFile; fileRef = 9DB446D02D14431600B80CDF /* ExpoArabic-Medium.ttf */; };
		9DB446D62D14431600B80CDF /* AppFont.swift in Sources */ = {isa = PBXBuildFile; fileRef = 9DB446D12D14431600B80CDF /* AppFont.swift */; };
		9DB446D82D14436400B80CDF /* SFSymboles.swift in Sources */ = {isa = PBXBuildFile; fileRef = 9DB446D72D14436400B80CDF /* SFSymboles.swift */; };
		9DB446DB2D1443B000B80CDF /* TextModifer.swift in Sources */ = {isa = PBXBuildFile; fileRef = 9DB446DA2D1443B000B80CDF /* TextModifer.swift */; };
		9DB446EF2D1443E400B80CDF /* Date.swift in Sources */ = {isa = PBXBuildFile; fileRef = 9DB446DD2D1443E400B80CDF /* Date.swift */; };
		9DB446F02D1443E400B80CDF /* View.swift in Sources */ = {isa = PBXBuildFile; fileRef = 9DB446DE2D1443E400B80CDF /* View.swift */; };
		9DB446F12D1443E400B80CDF /* Array.swift in Sources */ = {isa = PBXBuildFile; fileRef = 9DB446DF2D1443E400B80CDF /* Array.swift */; };
		9DB446F22D1443E400B80CDF /* Decodable.swift in Sources */ = {isa = PBXBuildFile; fileRef = 9DB446E02D1443E400B80CDF /* Decodable.swift */; };
		9DB446F32D1443E400B80CDF /* NSSet.swift in Sources */ = {isa = PBXBuildFile; fileRef = 9DB446E12D1443E400B80CDF /* NSSet.swift */; };
		9DB446F42D1443E400B80CDF /* Encodable.swift in Sources */ = {isa = PBXBuildFile; fileRef = 9DB446E22D1443E400B80CDF /* Encodable.swift */; };
		9DB446F52D1443E400B80CDF /* LocalizedStringKey.swift in Sources */ = {isa = PBXBuildFile; fileRef = 9DB446E32D1443E400B80CDF /* LocalizedStringKey.swift */; };
		9DB446F62D1443E400B80CDF /* Int.swift in Sources */ = {isa = PBXBuildFile; fileRef = 9DB446E42D1443E400B80CDF /* Int.swift */; };
		9DB446F72D1443E400B80CDF /* Dictionary.swift in Sources */ = {isa = PBXBuildFile; fileRef = 9DB446E52D1443E400B80CDF /* Dictionary.swift */; };
		9DB446F82D1443E400B80CDF /* URL.swift in Sources */ = {isa = PBXBuildFile; fileRef = 9DB446E62D1443E400B80CDF /* URL.swift */; };
		9DB446F92D1443E400B80CDF /* String.swift in Sources */ = {isa = PBXBuildFile; fileRef = 9DB446E72D1443E400B80CDF /* String.swift */; };
		9DB446FA2D1443E400B80CDF /* Double.swift in Sources */ = {isa = PBXBuildFile; fileRef = 9DB446E82D1443E400B80CDF /* Double.swift */; };
		9DB446FB2D1443E400B80CDF /* UIApplication.swift in Sources */ = {isa = PBXBuildFile; fileRef = 9DB446E92D1443E400B80CDF /* UIApplication.swift */; };
		9DB446FC2D1443E400B80CDF /* UIScreen.swift in Sources */ = {isa = PBXBuildFile; fileRef = 9DB446EA2D1443E400B80CDF /* UIScreen.swift */; };
		9DB446FD2D1443E400B80CDF /* ViewModifier.swift in Sources */ = {isa = PBXBuildFile; fileRef = 9DB446EB2D1443E400B80CDF /* ViewModifier.swift */; };
		9DB446FE2D1443E400B80CDF /* Optional.swift in Sources */ = {isa = PBXBuildFile; fileRef = 9DB446EC2D1443E400B80CDF /* Optional.swift */; };
		9DB446FF2D1443E400B80CDF /* Color.swift in Sources */ = {isa = PBXBuildFile; fileRef = 9DB446ED2D1443E400B80CDF /* Color.swift */; };
		9DB447022D14443800B80CDF /* SingleLine.swift in Sources */ = {isa = PBXBuildFile; fileRef = 9DB447012D14443800B80CDF /* SingleLine.swift */; };
		9DB447072D14448100B80CDF /* AppDateFormatter.swift in Sources */ = {isa = PBXBuildFile; fileRef = 9DB447042D14448100B80CDF /* AppDateFormatter.swift */; };
		9DB447082D14448100B80CDF /* CustomNumberFormatter.swift in Sources */ = {isa = PBXBuildFile; fileRef = 9DB447052D14448100B80CDF /* CustomNumberFormatter.swift */; };
		9DB447092D14448100B80CDF /* DateAgo.swift in Sources */ = {isa = PBXBuildFile; fileRef = 9DB447062D14448100B80CDF /* DateAgo.swift */; };
		9DB4470C2D1444A600B80CDF /* UserDefaultsManager.swift in Sources */ = {isa = PBXBuildFile; fileRef = 9DB4470B2D1444A600B80CDF /* UserDefaultsManager.swift */; };
		9DB4470F2D14452700B80CDF /* RoundedCornersShape.swift in Sources */ = {isa = PBXBuildFile; fileRef = 9DB4470E2D14452700B80CDF /* RoundedCornersShape.swift */; };
		9DB447132D14454E00B80CDF /* ButtonLabels.swift in Sources */ = {isa = PBXBuildFile; fileRef = 9DB447112D14454E00B80CDF /* ButtonLabels.swift */; };
		9DB447142D14454E00B80CDF /* ButtonModifier.swift in Sources */ = {isa = PBXBuildFile; fileRef = 9DB447122D14454E00B80CDF /* ButtonModifier.swift */; };
		9DB447182D144BA400B80CDF /* AppDelegate.swift in Sources */ = {isa = PBXBuildFile; fileRef = 9DB447172D144BA400B80CDF /* AppDelegate.swift */; };
		9DB4471C2D144BD400B80CDF /* L102Localizer.swift in Sources */ = {isa = PBXBuildFile; fileRef = 9DB4471A2D144BD400B80CDF /* L102Localizer.swift */; };
		9DB4471D2D144BD400B80CDF /* L102Language.swift in Sources */ = {isa = PBXBuildFile; fileRef = 9DB4471B2D144BD400B80CDF /* L102Language.swift */; };
		9DB447202D144BF400B80CDF /* MainHelper.swift in Sources */ = {isa = PBXBuildFile; fileRef = 9DB4471F2D144BF400B80CDF /* MainHelper.swift */; };
		9DB447222D144D4C00B80CDF /* SceneDelegate.swift in Sources */ = {isa = PBXBuildFile; fileRef = 9DB447212D144D4C00B80CDF /* SceneDelegate.swift */; };
		9DB447242D144D8500B80CDF /* AppNavigation.swift in Sources */ = {isa = PBXBuildFile; fileRef = 9DB447232D144D8500B80CDF /* AppNavigation.swift */; };
		9DB447272D144DCC00B80CDF /* AppCoordinators.swift in Sources */ = {isa = PBXBuildFile; fileRef = 9DB447262D144DCC00B80CDF /* AppCoordinators.swift */; };
		9DB447292D144DFE00B80CDF /* AppContainers.swift in Sources */ = {isa = PBXBuildFile; fileRef = 9DB447282D144DFE00B80CDF /* AppContainers.swift */; };
		9DB4472C2D144E3F00B80CDF /* MainCoordinator.swift in Sources */ = {isa = PBXBuildFile; fileRef = 9DB4472B2D144E3F00B80CDF /* MainCoordinator.swift */; };
		9DB4472E2D144E6500B80CDF /* MainContainer.swift in Sources */ = {isa = PBXBuildFile; fileRef = 9DB4472D2D144E6500B80CDF /* MainContainer.swift */; };
		9DB447322D144F4400B80CDF /* LanguageModifier.swift in Sources */ = {isa = PBXBuildFile; fileRef = 9DB447312D144F4400B80CDF /* LanguageModifier.swift */; };
		9DB447342D144F5F00B80CDF /* NavigationVisiblityModifier.swift in Sources */ = {isa = PBXBuildFile; fileRef = 9DB447332D144F5F00B80CDF /* NavigationVisiblityModifier.swift */; };
		9DB447362D144F8600B80CDF /* SplashView.swift in Sources */ = {isa = PBXBuildFile; fileRef = 9DB447352D144F8600B80CDF /* SplashView.swift */; };
		9DB447382D145E0400B80CDF /* SplashScreen.storyboard in Resources */ = {isa = PBXBuildFile; fileRef = 9DB447372D145E0400B80CDF /* SplashScreen.storyboard */; };
		9DF9E22F2D1999E300C5584C /* UIImage.swift in Sources */ = {isa = PBXBuildFile; fileRef = 9DF9E22E2D1999E300C5584C /* UIImage.swift */; };
/* End PBXBuildFile section */

/* Begin PBXCopyFilesBuildPhase section */
		7555FFB4242A642300829871 /* Embed Frameworks */ = {
			isa = PBXCopyFilesBuildPhase;
			buildActionMask = 2147483647;
			dstPath = "";
			dstSubfolderSpec = 10;
			files = (
			);
			name = "Embed Frameworks";
			runOnlyForDeploymentPostprocessing = 0;
		};
/* End PBXCopyFilesBuildPhase section */

/* Begin PBXFileReference section */
		058557BA273AAA24004C7B11 /* Assets.xcassets */ = {isa = PBXFileReference; lastKnownFileType = folder.assetcatalog; path = Assets.xcassets; sourceTree = "<group>"; };
		058557D8273AAEEB004C7B11 /* Preview Assets.xcassets */ = {isa = PBXFileReference; lastKnownFileType = folder.assetcatalog; path = "Preview Assets.xcassets"; sourceTree = "<group>"; };
		7555FF7B242A565900829871 /* iosApp.app */ = {isa = PBXFileReference; explicitFileType = wrapper.application; includeInIndex = 0; path = iosApp.app; sourceTree = BUILT_PRODUCTS_DIR; };
		7555FF82242A565900829871 /* ContentView.swift */ = {isa = PBXFileReference; lastKnownFileType = sourcecode.swift; path = ContentView.swift; sourceTree = "<group>"; };
		7555FF8C242A565B00829871 /* Info.plist */ = {isa = PBXFileReference; lastKnownFileType = text.plist.xml; path = Info.plist; sourceTree = "<group>"; };
		9D095FD22D1825AD00137A50 /* IosViewModel.swift */ = {isa = PBXFileReference; lastKnownFileType = sourcecode.swift; path = IosViewModel.swift; sourceTree = "<group>"; };
		9D095FD52D182C9A00137A50 /* KoinHelper.swift */ = {isa = PBXFileReference; lastKnownFileType = sourcecode.swift; path = KoinHelper.swift; sourceTree = "<group>"; };
		9D095FD82D18302B00137A50 /* SwiftMessageHelper.swift */ = {isa = PBXFileReference; lastKnownFileType = sourcecode.swift; path = SwiftMessageHelper.swift; sourceTree = "<group>"; };
		9D43B54A2D16C5EB006AC99F /* GoogleMapView.swift */ = {isa = PBXFileReference; lastKnownFileType = sourcecode.swift; path = GoogleMapView.swift; sourceTree = "<group>"; };
		9D43B54D2D16C621006AC99F /* LocationManagerDelegate.swift */ = {isa = PBXFileReference; lastKnownFileType = sourcecode.swift; path = LocationManagerDelegate.swift; sourceTree = "<group>"; };
		9D43B54F2D16C80E006AC99F /* map_style.json */ = {isa = PBXFileReference; lastKnownFileType = text.json; path = map_style.json; sourceTree = "<group>"; };
		9DB446BF2D14404700B80CDF /* Localizable.xcstrings */ = {isa = PBXFileReference; lastKnownFileType = text.json.xcstrings; path = Localizable.xcstrings; sourceTree = "<group>"; };
		9DB446C22D1440F600B80CDF /* ReusableTextFeild.swift */ = {isa = PBXFileReference; fileEncoding = 4; lastKnownFileType = sourcecode.swift; path = ReusableTextFeild.swift; sourceTree = "<group>"; };
		9DB446C32D1440F600B80CDF /* ReusableEditor.swift */ = {isa = PBXFileReference; fileEncoding = 4; lastKnownFileType = sourcecode.swift; path = ReusableEditor.swift; sourceTree = "<group>"; };
		9DB446C42D1440F600B80CDF /* ReusableRateView.swift */ = {isa = PBXFileReference; fileEncoding = 4; lastKnownFileType = sourcecode.swift; path = ReusableRateView.swift; sourceTree = "<group>"; };
		9DB446C52D1440F600B80CDF /* ReusableFitScrollView.swift */ = {isa = PBXFileReference; fileEncoding = 4; lastKnownFileType = sourcecode.swift; path = ReusableFitScrollView.swift; sourceTree = "<group>"; };
		9DB446C62D1440F600B80CDF /* ReusableAsyncImage.swift */ = {isa = PBXFileReference; fileEncoding = 4; lastKnownFileType = sourcecode.swift; path = ReusableAsyncImage.swift; sourceTree = "<group>"; };
		9DB446CD2D14431600B80CDF /* ExpoArabic-Book.ttf */ = {isa = PBXFileReference; lastKnownFileType = file; path = "ExpoArabic-Book.ttf"; sourceTree = "<group>"; };
		9DB446CE2D14431600B80CDF /* ExpoArabic-Bold.ttf */ = {isa = PBXFileReference; lastKnownFileType = file; path = "ExpoArabic-Bold.ttf"; sourceTree = "<group>"; };
		9DB446CF2D14431600B80CDF /* ExpoArabic-Light.ttf */ = {isa = PBXFileReference; lastKnownFileType = file; path = "ExpoArabic-Light.ttf"; sourceTree = "<group>"; };
		9DB446D02D14431600B80CDF /* ExpoArabic-Medium.ttf */ = {isa = PBXFileReference; lastKnownFileType = file; path = "ExpoArabic-Medium.ttf"; sourceTree = "<group>"; };
		9DB446D12D14431600B80CDF /* AppFont.swift */ = {isa = PBXFileReference; fileEncoding = 4; lastKnownFileType = sourcecode.swift; path = AppFont.swift; sourceTree = "<group>"; };
		9DB446D72D14436400B80CDF /* SFSymboles.swift */ = {isa = PBXFileReference; fileEncoding = 4; lastKnownFileType = sourcecode.swift; path = SFSymboles.swift; sourceTree = "<group>"; };
		9DB446DA2D1443B000B80CDF /* TextModifer.swift */ = {isa = PBXFileReference; fileEncoding = 4; lastKnownFileType = sourcecode.swift; path = TextModifer.swift; sourceTree = "<group>"; };
		9DB446DD2D1443E400B80CDF /* Date.swift */ = {isa = PBXFileReference; fileEncoding = 4; lastKnownFileType = sourcecode.swift; path = Date.swift; sourceTree = "<group>"; };
		9DB446DE2D1443E400B80CDF /* View.swift */ = {isa = PBXFileReference; fileEncoding = 4; lastKnownFileType = sourcecode.swift; path = View.swift; sourceTree = "<group>"; };
		9DB446DF2D1443E400B80CDF /* Array.swift */ = {isa = PBXFileReference; fileEncoding = 4; lastKnownFileType = sourcecode.swift; path = Array.swift; sourceTree = "<group>"; };
		9DB446E02D1443E400B80CDF /* Decodable.swift */ = {isa = PBXFileReference; fileEncoding = 4; lastKnownFileType = sourcecode.swift; path = Decodable.swift; sourceTree = "<group>"; };
		9DB446E12D1443E400B80CDF /* NSSet.swift */ = {isa = PBXFileReference; fileEncoding = 4; lastKnownFileType = sourcecode.swift; path = NSSet.swift; sourceTree = "<group>"; };
		9DB446E22D1443E400B80CDF /* Encodable.swift */ = {isa = PBXFileReference; fileEncoding = 4; lastKnownFileType = sourcecode.swift; path = Encodable.swift; sourceTree = "<group>"; };
		9DB446E32D1443E400B80CDF /* LocalizedStringKey.swift */ = {isa = PBXFileReference; fileEncoding = 4; lastKnownFileType = sourcecode.swift; path = LocalizedStringKey.swift; sourceTree = "<group>"; };
		9DB446E42D1443E400B80CDF /* Int.swift */ = {isa = PBXFileReference; fileEncoding = 4; lastKnownFileType = sourcecode.swift; path = Int.swift; sourceTree = "<group>"; };
		9DB446E52D1443E400B80CDF /* Dictionary.swift */ = {isa = PBXFileReference; fileEncoding = 4; lastKnownFileType = sourcecode.swift; path = Dictionary.swift; sourceTree = "<group>"; };
		9DB446E62D1443E400B80CDF /* URL.swift */ = {isa = PBXFileReference; fileEncoding = 4; lastKnownFileType = sourcecode.swift; path = URL.swift; sourceTree = "<group>"; };
		9DB446E72D1443E400B80CDF /* String.swift */ = {isa = PBXFileReference; fileEncoding = 4; lastKnownFileType = sourcecode.swift; path = String.swift; sourceTree = "<group>"; };
		9DB446E82D1443E400B80CDF /* Double.swift */ = {isa = PBXFileReference; fileEncoding = 4; lastKnownFileType = sourcecode.swift; path = Double.swift; sourceTree = "<group>"; };
		9DB446E92D1443E400B80CDF /* UIApplication.swift */ = {isa = PBXFileReference; fileEncoding = 4; lastKnownFileType = sourcecode.swift; path = UIApplication.swift; sourceTree = "<group>"; };
		9DB446EA2D1443E400B80CDF /* UIScreen.swift */ = {isa = PBXFileReference; fileEncoding = 4; lastKnownFileType = sourcecode.swift; path = UIScreen.swift; sourceTree = "<group>"; };
		9DB446EB2D1443E400B80CDF /* ViewModifier.swift */ = {isa = PBXFileReference; fileEncoding = 4; lastKnownFileType = sourcecode.swift; path = ViewModifier.swift; sourceTree = "<group>"; };
		9DB446EC2D1443E400B80CDF /* Optional.swift */ = {isa = PBXFileReference; fileEncoding = 4; lastKnownFileType = sourcecode.swift; path = Optional.swift; sourceTree = "<group>"; };
		9DB446ED2D1443E400B80CDF /* Color.swift */ = {isa = PBXFileReference; fileEncoding = 4; lastKnownFileType = sourcecode.swift; path = Color.swift; sourceTree = "<group>"; };
		9DB447012D14443800B80CDF /* SingleLine.swift */ = {isa = PBXFileReference; fileEncoding = 4; lastKnownFileType = sourcecode.swift; path = SingleLine.swift; sourceTree = "<group>"; };
		9DB447042D14448100B80CDF /* AppDateFormatter.swift */ = {isa = PBXFileReference; fileEncoding = 4; lastKnownFileType = sourcecode.swift; path = AppDateFormatter.swift; sourceTree = "<group>"; };
		9DB447052D14448100B80CDF /* CustomNumberFormatter.swift */ = {isa = PBXFileReference; fileEncoding = 4; lastKnownFileType = sourcecode.swift; path = CustomNumberFormatter.swift; sourceTree = "<group>"; };
		9DB447062D14448100B80CDF /* DateAgo.swift */ = {isa = PBXFileReference; fileEncoding = 4; lastKnownFileType = sourcecode.swift; path = DateAgo.swift; sourceTree = "<group>"; };
		9DB4470B2D1444A600B80CDF /* UserDefaultsManager.swift */ = {isa = PBXFileReference; fileEncoding = 4; lastKnownFileType = sourcecode.swift; path = UserDefaultsManager.swift; sourceTree = "<group>"; };
		9DB4470E2D14452700B80CDF /* RoundedCornersShape.swift */ = {isa = PBXFileReference; fileEncoding = 4; lastKnownFileType = sourcecode.swift; path = RoundedCornersShape.swift; sourceTree = "<group>"; };
		9DB447112D14454E00B80CDF /* ButtonLabels.swift */ = {isa = PBXFileReference; fileEncoding = 4; lastKnownFileType = sourcecode.swift; path = ButtonLabels.swift; sourceTree = "<group>"; };
		9DB447122D14454E00B80CDF /* ButtonModifier.swift */ = {isa = PBXFileReference; fileEncoding = 4; lastKnownFileType = sourcecode.swift; path = ButtonModifier.swift; sourceTree = "<group>"; };
		9DB447172D144BA400B80CDF /* AppDelegate.swift */ = {isa = PBXFileReference; fileEncoding = 4; lastKnownFileType = sourcecode.swift; path = AppDelegate.swift; sourceTree = "<group>"; };
		9DB4471A2D144BD400B80CDF /* L102Localizer.swift */ = {isa = PBXFileReference; fileEncoding = 4; lastKnownFileType = sourcecode.swift; path = L102Localizer.swift; sourceTree = "<group>"; };
		9DB4471B2D144BD400B80CDF /* L102Language.swift */ = {isa = PBXFileReference; fileEncoding = 4; lastKnownFileType = sourcecode.swift; path = L102Language.swift; sourceTree = "<group>"; };
		9DB4471F2D144BF400B80CDF /* MainHelper.swift */ = {isa = PBXFileReference; fileEncoding = 4; lastKnownFileType = sourcecode.swift; path = MainHelper.swift; sourceTree = "<group>"; };
		9DB447212D144D4C00B80CDF /* SceneDelegate.swift */ = {isa = PBXFileReference; fileEncoding = 4; lastKnownFileType = sourcecode.swift; path = SceneDelegate.swift; sourceTree = "<group>"; };
		9DB447232D144D8500B80CDF /* AppNavigation.swift */ = {isa = PBXFileReference; fileEncoding = 4; lastKnownFileType = sourcecode.swift; path = AppNavigation.swift; sourceTree = "<group>"; };
		9DB447262D144DCC00B80CDF /* AppCoordinators.swift */ = {isa = PBXFileReference; fileEncoding = 4; lastKnownFileType = sourcecode.swift; path = AppCoordinators.swift; sourceTree = "<group>"; };
		9DB447282D144DFE00B80CDF /* AppContainers.swift */ = {isa = PBXFileReference; fileEncoding = 4; lastKnownFileType = sourcecode.swift; path = AppContainers.swift; sourceTree = "<group>"; };
		9DB4472B2D144E3F00B80CDF /* MainCoordinator.swift */ = {isa = PBXFileReference; fileEncoding = 4; lastKnownFileType = sourcecode.swift; path = MainCoordinator.swift; sourceTree = "<group>"; };
		9DB4472D2D144E6500B80CDF /* MainContainer.swift */ = {isa = PBXFileReference; fileEncoding = 4; lastKnownFileType = sourcecode.swift; path = MainContainer.swift; sourceTree = "<group>"; };
		9DB447312D144F4400B80CDF /* LanguageModifier.swift */ = {isa = PBXFileReference; fileEncoding = 4; lastKnownFileType = sourcecode.swift; path = LanguageModifier.swift; sourceTree = "<group>"; };
		9DB447332D144F5F00B80CDF /* NavigationVisiblityModifier.swift */ = {isa = PBXFileReference; fileEncoding = 4; lastKnownFileType = sourcecode.swift; path = NavigationVisiblityModifier.swift; sourceTree = "<group>"; };
		9DB447352D144F8600B80CDF /* SplashView.swift */ = {isa = PBXFileReference; fileEncoding = 4; lastKnownFileType = sourcecode.swift; path = SplashView.swift; sourceTree = "<group>"; };
		9DB447372D145E0400B80CDF /* SplashScreen.storyboard */ = {isa = PBXFileReference; fileEncoding = 4; lastKnownFileType = file.storyboard; path = SplashScreen.storyboard; sourceTree = "<group>"; };
		9DF9E22E2D1999E300C5584C /* UIImage.swift */ = {isa = PBXFileReference; lastKnownFileType = sourcecode.swift; path = UIImage.swift; sourceTree = "<group>"; };
/* End PBXFileReference section */

/* Begin PBXFrameworksBuildPhase section */
		7555FF78242A565900829871 /* Frameworks */ = {
			isa = PBXFrameworksBuildPhase;
			buildActionMask = 2147483647;
			files = (
				9DB446B32D14317100B80CDF /* IQKeyboardManagerSwift in Frameworks */,
				9DB446822D142E2B00B80CDF /* FirebaseAnalytics in Frameworks */,
				9DB446B62D1431A100B80CDF /* SwiftMessages in Frameworks */,
				9DB446B92D1431D700B80CDF /* SDWebImageSwiftUI in Frameworks */,
				9DB4467F2D14222100B80CDF /* GoogleMaps in Frameworks */,
				9DB446922D142E2B00B80CDF /* FirebaseCrashlytics in Frameworks */,
				9DB446A62D142E2B00B80CDF /* FirebaseMessaging in Frameworks */,
				9DB446942D142E2B00B80CDF /* FirebaseDatabase in Frameworks */,
				9DB446902D142E2B00B80CDF /* FirebaseCore in Frameworks */,
			);
			runOnlyForDeploymentPostprocessing = 0;
		};
/* End PBXFrameworksBuildPhase section */

/* Begin PBXGroup section */
		058557D7273AAEEB004C7B11 /* Preview Content */ = {
			isa = PBXGroup;
			children = (
				058557D8273AAEEB004C7B11 /* Preview Assets.xcassets */,
			);
			path = "Preview Content";
			sourceTree = "<group>";
		};
		7555FF72242A565900829871 = {
			isa = PBXGroup;
			children = (
				7555FF7D242A565900829871 /* iosApp */,
				7555FF7C242A565900829871 /* Products */,
				7555FFB0242A642200829871 /* Frameworks */,
			);
			sourceTree = "<group>";
		};
		7555FF7C242A565900829871 /* Products */ = {
			isa = PBXGroup;
			children = (
				7555FF7B242A565900829871 /* iosApp.app */,
			);
			name = Products;
			sourceTree = "<group>";
		};
		7555FF7D242A565900829871 /* iosApp */ = {
			isa = PBXGroup;
			children = (
				7555FF8C242A565B00829871 /* Info.plist */,
				9DB447372D145E0400B80CDF /* SplashScreen.storyboard */,
				9DB447172D144BA400B80CDF /* AppDelegate.swift */,
				9DB447212D144D4C00B80CDF /* SceneDelegate.swift */,
				9DB446BB2D1439DE00B80CDF /* Notification */,
				9DB446BA2D1439D600B80CDF /* Navigation */,
				9DB446BC2D1439E500B80CDF /* Shared */,
				9DB446BD2D1439F500B80CDF /* Scene */,
				9DB446BE2D1439FF00B80CDF /* Assets */,
				058557D7273AAEEB004C7B11 /* Preview Content */,
				9D43B54F2D16C80E006AC99F /* map_style.json */,
			);
			path = iosApp;
			sourceTree = "<group>";
		};
		7555FFB0242A642200829871 /* Frameworks */ = {
			isa = PBXGroup;
			children = (
			);
			name = Frameworks;
			sourceTree = "<group>";
		};
		9D095FD42D182C8C00137A50 /* koin */ = {
			isa = PBXGroup;
			children = (
				9D095FD52D182C9A00137A50 /* KoinHelper.swift */,
			);
			path = koin;
			sourceTree = "<group>";
		};
		9D095FD72D18301A00137A50 /* swiftMessage */ = {
			isa = PBXGroup;
			children = (
				9D095FD82D18302B00137A50 /* SwiftMessageHelper.swift */,
			);
			path = swiftMessage;
			sourceTree = "<group>";
		};
		9D43B54C2D16C60D006AC99F /* LocationManager */ = {
			isa = PBXGroup;
			children = (
				9D43B54D2D16C621006AC99F /* LocationManagerDelegate.swift */,
			);
			path = LocationManager;
			sourceTree = "<group>";
		};
		9D43B5512D16C82C006AC99F /* GoogleMap */ = {
			isa = PBXGroup;
			children = (
				9D43B54A2D16C5EB006AC99F /* GoogleMapView.swift */,
			);
			path = GoogleMap;
			sourceTree = "<group>";
		};
		9DB446BA2D1439D600B80CDF /* Navigation */ = {
			isa = PBXGroup;
			children = (
				9DB4472A2D144E0500B80CDF /* Containers */,
				9DB447252D144DBD00B80CDF /* Coordinators */,
				9DB447232D144D8500B80CDF /* AppNavigation.swift */,
			);
			path = Navigation;
			sourceTree = "<group>";
		};
		9DB446BB2D1439DE00B80CDF /* Notification */ = {
			isa = PBXGroup;
			children = (
			);
			path = Notification;
			sourceTree = "<group>";
		};
		9DB446BC2D1439E500B80CDF /* Shared */ = {
			isa = PBXGroup;
			children = (
				9D095FD72D18301A00137A50 /* swiftMessage */,
				9D095FD42D182C8C00137A50 /* koin */,
				9D43B54C2D16C60D006AC99F /* LocationManager */,
				9DB4471E2D144BEB00B80CDF /* MainHelper */,
				9DB447192D144BD400B80CDF /* Language */,
				9DB447102D14454E00B80CDF /* Buttons */,
				9DB4470D2D14452700B80CDF /* Shape */,
				9DB4470A2D1444A600B80CDF /* UserDefaults */,
				9DB447032D14448100B80CDF /* Formatter */,
				9DB446DC2D1443E400B80CDF /* Extentions */,
				9DB446D92D1443A600B80CDF /* Modifiers */,
				9DB446CC2D14431600B80CDF /* Font */,
				9DB446C12D1440F600B80CDF /* Components */,
			);
			path = Shared;
			sourceTree = "<group>";
		};
		9DB446BD2D1439F500B80CDF /* Scene */ = {
			isa = PBXGroup;
			children = (
				9D43B5512D16C82C006AC99F /* GoogleMap */,
				9DB447352D144F8600B80CDF /* SplashView.swift */,
				7555FF82242A565900829871 /* ContentView.swift */,
				9D095FD22D1825AD00137A50 /* IosViewModel.swift */,
			);
			path = Scene;
			sourceTree = "<group>";
		};
		9DB446BE2D1439FF00B80CDF /* Assets */ = {
			isa = PBXGroup;
			children = (
				9DB446D72D14436400B80CDF /* SFSymboles.swift */,
				058557BA273AAA24004C7B11 /* Assets.xcassets */,
				9DB446BF2D14404700B80CDF /* Localizable.xcstrings */,
			);
			path = Assets;
			sourceTree = "<group>";
		};
		9DB446C12D1440F600B80CDF /* Components */ = {
			isa = PBXGroup;
			children = (
				9DB446C22D1440F600B80CDF /* ReusableTextFeild.swift */,
				9DB446C32D1440F600B80CDF /* ReusableEditor.swift */,
				9DB446C42D1440F600B80CDF /* ReusableRateView.swift */,
				9DB446C52D1440F600B80CDF /* ReusableFitScrollView.swift */,
				9DB446C62D1440F600B80CDF /* ReusableAsyncImage.swift */,
			);
			path = Components;
			sourceTree = "<group>";
		};
		9DB446CC2D14431600B80CDF /* Font */ = {
			isa = PBXGroup;
			children = (
				9DB446CD2D14431600B80CDF /* ExpoArabic-Book.ttf */,
				9DB446CE2D14431600B80CDF /* ExpoArabic-Bold.ttf */,
				9DB446CF2D14431600B80CDF /* ExpoArabic-Light.ttf */,
				9DB446D02D14431600B80CDF /* ExpoArabic-Medium.ttf */,
				9DB446D12D14431600B80CDF /* AppFont.swift */,
			);
			path = Font;
			sourceTree = "<group>";
		};
		9DB446D92D1443A600B80CDF /* Modifiers */ = {
			isa = PBXGroup;
			children = (
				9DB447332D144F5F00B80CDF /* NavigationVisiblityModifier.swift */,
				9DB447312D144F4400B80CDF /* LanguageModifier.swift */,
				9DB447012D14443800B80CDF /* SingleLine.swift */,
				9DB446DA2D1443B000B80CDF /* TextModifer.swift */,
			);
			path = Modifiers;
			sourceTree = "<group>";
		};
		9DB446DC2D1443E400B80CDF /* Extentions */ = {
			isa = PBXGroup;
			children = (
				9DB446DD2D1443E400B80CDF /* Date.swift */,
				9DB446DE2D1443E400B80CDF /* View.swift */,
				9DB446DF2D1443E400B80CDF /* Array.swift */,
				9DB446E02D1443E400B80CDF /* Decodable.swift */,
				9DB446E12D1443E400B80CDF /* NSSet.swift */,
				9DB446E22D1443E400B80CDF /* Encodable.swift */,
				9DB446E32D1443E400B80CDF /* LocalizedStringKey.swift */,
				9DB446E42D1443E400B80CDF /* Int.swift */,
				9DB446E52D1443E400B80CDF /* Dictionary.swift */,
				9DB446E62D1443E400B80CDF /* URL.swift */,
				9DB446E72D1443E400B80CDF /* String.swift */,
				9DB446E82D1443E400B80CDF /* Double.swift */,
				9DB446E92D1443E400B80CDF /* UIApplication.swift */,
				9DB446EA2D1443E400B80CDF /* UIScreen.swift */,
				9DB446EB2D1443E400B80CDF /* ViewModifier.swift */,
				9DB446EC2D1443E400B80CDF /* Optional.swift */,
				9DB446ED2D1443E400B80CDF /* Color.swift */,
				9DF9E22E2D1999E300C5584C /* UIImage.swift */,
			);
			path = Extentions;
			sourceTree = "<group>";
		};
		9DB447032D14448100B80CDF /* Formatter */ = {
			isa = PBXGroup;
			children = (
				9DB447042D14448100B80CDF /* AppDateFormatter.swift */,
				9DB447052D14448100B80CDF /* CustomNumberFormatter.swift */,
				9DB447062D14448100B80CDF /* DateAgo.swift */,
			);
			path = Formatter;
			sourceTree = "<group>";
		};
		9DB4470A2D1444A600B80CDF /* UserDefaults */ = {
			isa = PBXGroup;
			children = (
				9DB4470B2D1444A600B80CDF /* UserDefaultsManager.swift */,
			);
			path = UserDefaults;
			sourceTree = "<group>";
		};
		9DB4470D2D14452700B80CDF /* Shape */ = {
			isa = PBXGroup;
			children = (
				9DB4470E2D14452700B80CDF /* RoundedCornersShape.swift */,
			);
			path = Shape;
			sourceTree = "<group>";
		};
		9DB447102D14454E00B80CDF /* Buttons */ = {
			isa = PBXGroup;
			children = (
				9DB447112D14454E00B80CDF /* ButtonLabels.swift */,
				9DB447122D14454E00B80CDF /* ButtonModifier.swift */,
			);
			path = Buttons;
			sourceTree = "<group>";
		};
		9DB447192D144BD400B80CDF /* Language */ = {
			isa = PBXGroup;
			children = (
				9DB4471A2D144BD400B80CDF /* L102Localizer.swift */,
				9DB4471B2D144BD400B80CDF /* L102Language.swift */,
			);
			path = Language;
			sourceTree = "<group>";
		};
		9DB4471E2D144BEB00B80CDF /* MainHelper */ = {
			isa = PBXGroup;
			children = (
				9DB4471F2D144BF400B80CDF /* MainHelper.swift */,
			);
			path = MainHelper;
			sourceTree = "<group>";
		};
		9DB447252D144DBD00B80CDF /* Coordinators */ = {
			isa = PBXGroup;
			children = (
				9DB4472B2D144E3F00B80CDF /* MainCoordinator.swift */,
				9DB447262D144DCC00B80CDF /* AppCoordinators.swift */,
			);
			path = Coordinators;
			sourceTree = "<group>";
		};
		9DB4472A2D144E0500B80CDF /* Containers */ = {
			isa = PBXGroup;
			children = (
				9DB4472D2D144E6500B80CDF /* MainContainer.swift */,
				9DB447282D144DFE00B80CDF /* AppContainers.swift */,
			);
			path = Containers;
			sourceTree = "<group>";
		};
/* End PBXGroup section */

/* Begin PBXNativeTarget section */
		7555FF7A242A565900829871 /* iosApp */ = {
			isa = PBXNativeTarget;
			buildConfigurationList = 7555FFA5242A565B00829871 /* Build configuration list for PBXNativeTarget "iosApp" */;
			buildPhases = (
				7555FFB5242A651A00829871 /* ShellScript */,
				7555FF77242A565900829871 /* Sources */,
				7555FF78242A565900829871 /* Frameworks */,
				7555FF79242A565900829871 /* Resources */,
				7555FFB4242A642300829871 /* Embed Frameworks */,
			);
			buildRules = (
			);
			dependencies = (
			);
			name = iosApp;
			packageProductDependencies = (
				9DB4467E2D14222100B80CDF /* GoogleMaps */,
				9DB446812D142E2B00B80CDF /* FirebaseAnalytics */,
				9DB4468F2D142E2B00B80CDF /* FirebaseCore */,
				9DB446912D142E2B00B80CDF /* FirebaseCrashlytics */,
				9DB446932D142E2B00B80CDF /* FirebaseDatabase */,
				9DB446A52D142E2B00B80CDF /* FirebaseMessaging */,
				9DB446B22D14317100B80CDF /* IQKeyboardManagerSwift */,
				9DB446B52D1431A100B80CDF /* SwiftMessages */,
				9DB446B82D1431D700B80CDF /* SDWebImageSwiftUI */,
			);
			productName = iosApp;
			productReference = 7555FF7B242A565900829871 /* iosApp.app */;
			productType = "com.apple.product-type.application";
		};
/* End PBXNativeTarget section */

/* Begin PBXProject section */
		7555FF73242A565900829871 /* Project object */ = {
			isa = PBXProject;
			attributes = {
				LastSwiftUpdateCheck = 1130;
				LastUpgradeCheck = 1130;
				ORGANIZATIONNAME = orgName;
				TargetAttributes = {
					7555FF7A242A565900829871 = {
						CreatedOnToolsVersion = 11.3.1;
					};
				};
			};
			buildConfigurationList = 7555FF76242A565900829871 /* Build configuration list for PBXProject "iosApp" */;
			compatibilityVersion = "Xcode 9.3";
			developmentRegion = en;
			hasScannedForEncodings = 0;
			knownRegions = (
				en,
				Base,
				ar,
			);
			mainGroup = 7555FF72242A565900829871;
			packageReferences = (
				9DB4467D2D14222000B80CDF /* XCRemoteSwiftPackageReference "ios-maps-sdk" */,
				9DB446802D142E2B00B80CDF /* XCRemoteSwiftPackageReference "firebase-ios-sdk" */,
				9DB446B12D14317100B80CDF /* XCRemoteSwiftPackageReference "IQKeyboardManager" */,
				9DB446B42D1431A100B80CDF /* XCRemoteSwiftPackageReference "SwiftMessages" */,
				9DB446B72D1431D700B80CDF /* XCRemoteSwiftPackageReference "SDWebImageSwiftUI" */,
			);
			productRefGroup = 7555FF7C242A565900829871 /* Products */;
			projectDirPath = "";
			projectRoot = "";
			targets = (
				7555FF7A242A565900829871 /* iosApp */,
			);
		};
/* End PBXProject section */

/* Begin PBXResourcesBuildPhase section */
		7555FF79242A565900829871 /* Resources */ = {
			isa = PBXResourcesBuildPhase;
			buildActionMask = 2147483647;
			files = (
				058557D9273AAEEB004C7B11 /* Preview Assets.xcassets in Resources */,
				9DB447382D145E0400B80CDF /* SplashScreen.storyboard in Resources */,
				9DB446D22D14431600B80CDF /* ExpoArabic-Book.ttf in Resources */,
				058557BB273AAA24004C7B11 /* Assets.xcassets in Resources */,
				9DB446D32D14431600B80CDF /* ExpoArabic-Bold.ttf in Resources */,
				9DB446D52D14431600B80CDF /* ExpoArabic-Medium.ttf in Resources */,
				9DB446C02D14404700B80CDF /* Localizable.xcstrings in Resources */,
				9DB446D42D14431600B80CDF /* ExpoArabic-Light.ttf in Resources */,
			);
			runOnlyForDeploymentPostprocessing = 0;
		};
/* End PBXResourcesBuildPhase section */

/* Begin PBXShellScriptBuildPhase section */
		7555FFB5242A651A00829871 /* ShellScript */ = {
			isa = PBXShellScriptBuildPhase;
			buildActionMask = 2147483647;
			files = (
			);
			inputFileListPaths = (
			);
			inputPaths = (
			);
			outputFileListPaths = (
			);
			outputPaths = (
			);
			runOnlyForDeploymentPostprocessing = 0;
			shellPath = /bin/sh;
			shellScript = "cd \"$SRCROOT/..\"\n./gradlew :shared:embedAndSignAppleFrameworkForXcode\n";
		};
/* End PBXShellScriptBuildPhase section */

/* Begin PBXSourcesBuildPhase section */
		7555FF77242A565900829871 /* Sources */ = {
			isa = PBXSourcesBuildPhase;
			buildActionMask = 2147483647;
			files = (
				9DB446FB2D1443E400B80CDF /* UIApplication.swift in Sources */,
				9DB446D82D14436400B80CDF /* SFSymboles.swift in Sources */,
				9DB446DB2D1443B000B80CDF /* TextModifer.swift in Sources */,
				9DB4470F2D14452700B80CDF /* RoundedCornersShape.swift in Sources */,
				9DB446FE2D1443E400B80CDF /* Optional.swift in Sources */,
				9DB446F72D1443E400B80CDF /* Dictionary.swift in Sources */,
				9DB446F32D1443E400B80CDF /* NSSet.swift in Sources */,
				9DB447242D144D8500B80CDF /* AppNavigation.swift in Sources */,
				9DB4470C2D1444A600B80CDF /* UserDefaultsManager.swift in Sources */,
				9DB447222D144D4C00B80CDF /* SceneDelegate.swift in Sources */,
				9D095FD32D1825AD00137A50 /* IosViewModel.swift in Sources */,
				9DB447342D144F5F00B80CDF /* NavigationVisiblityModifier.swift in Sources */,
				9D43B54E2D16C621006AC99F /* LocationManagerDelegate.swift in Sources */,
				9DB446D62D14431600B80CDF /* AppFont.swift in Sources */,
				9DB446F22D1443E400B80CDF /* Decodable.swift in Sources */,
				9DB447092D14448100B80CDF /* DateAgo.swift in Sources */,
				9DB446FC2D1443E400B80CDF /* UIScreen.swift in Sources */,
				9DB447182D144BA400B80CDF /* AppDelegate.swift in Sources */,
				9DB447022D14443800B80CDF /* SingleLine.swift in Sources */,
				9DB447362D144F8600B80CDF /* SplashView.swift in Sources */,
				9DB446CB2D1440F600B80CDF /* ReusableAsyncImage.swift in Sources */,
				9DB4472C2D144E3F00B80CDF /* MainCoordinator.swift in Sources */,
				9DB447082D14448100B80CDF /* CustomNumberFormatter.swift in Sources */,
				9DB447202D144BF400B80CDF /* MainHelper.swift in Sources */,
				9DB446F42D1443E400B80CDF /* Encodable.swift in Sources */,
				9DB446C82D1440F600B80CDF /* ReusableEditor.swift in Sources */,
				9DB447292D144DFE00B80CDF /* AppContainers.swift in Sources */,
				9DB446CA2D1440F600B80CDF /* ReusableFitScrollView.swift in Sources */,
				9DB447272D144DCC00B80CDF /* AppCoordinators.swift in Sources */,
				9DB4471D2D144BD400B80CDF /* L102Language.swift in Sources */,
				9DB4472E2D144E6500B80CDF /* MainContainer.swift in Sources */,
				7555FF83242A565900829871 /* ContentView.swift in Sources */,
				9DB446F52D1443E400B80CDF /* LocalizedStringKey.swift in Sources */,
				9DF9E22F2D1999E300C5584C /* UIImage.swift in Sources */,
				9DB446F02D1443E400B80CDF /* View.swift in Sources */,
				9DB446FF2D1443E400B80CDF /* Color.swift in Sources */,
				9DB446F12D1443E400B80CDF /* Array.swift in Sources */,
				9D43B5502D16C80E006AC99F /* map_style.json in Sources */,
				9DB446F82D1443E400B80CDF /* URL.swift in Sources */,
				9DB446EF2D1443E400B80CDF /* Date.swift in Sources */,
				9DB4471C2D144BD400B80CDF /* L102Localizer.swift in Sources */,
				9D095FD62D182C9A00137A50 /* KoinHelper.swift in Sources */,
				9DB446F62D1443E400B80CDF /* Int.swift in Sources */,
				9D43B54B2D16C5EB006AC99F /* GoogleMapView.swift in Sources */,
				9DB446F92D1443E400B80CDF /* String.swift in Sources */,
				9DB446C92D1440F600B80CDF /* ReusableRateView.swift in Sources */,
				9DB447142D14454E00B80CDF /* ButtonModifier.swift in Sources */,
				9DB447322D144F4400B80CDF /* LanguageModifier.swift in Sources */,
				9DB446FA2D1443E400B80CDF /* Double.swift in Sources */,
				9DB447132D14454E00B80CDF /* ButtonLabels.swift in Sources */,
				9DB446FD2D1443E400B80CDF /* ViewModifier.swift in Sources */,
				9DB447072D14448100B80CDF /* AppDateFormatter.swift in Sources */,
				9DB446C72D1440F600B80CDF /* ReusableTextFeild.swift in Sources */,
				9D095FD92D18302B00137A50 /* SwiftMessageHelper.swift in Sources */,
			);
			runOnlyForDeploymentPostprocessing = 0;
		};
/* End PBXSourcesBuildPhase section */

/* Begin XCBuildConfiguration section */
		7555FFA3242A565B00829871 /* Debug */ = {
			isa = XCBuildConfiguration;
			buildSettings = {
				ALWAYS_SEARCH_USER_PATHS = NO;
				CLANG_ANALYZER_NONNULL = YES;
				CLANG_ANALYZER_NUMBER_OBJECT_CONVERSION = YES_AGGRESSIVE;
				CLANG_CXX_LANGUAGE_STANDARD = "gnu++14";
				CLANG_CXX_LIBRARY = "libc++";
				CLANG_ENABLE_MODULES = YES;
				CLANG_ENABLE_OBJC_ARC = YES;
				CLANG_ENABLE_OBJC_WEAK = YES;
				CLANG_WARN_BLOCK_CAPTURE_AUTORELEASING = YES;
				CLANG_WARN_BOOL_CONVERSION = YES;
				CLANG_WARN_COMMA = YES;
				CLANG_WARN_CONSTANT_CONVERSION = YES;
				CLANG_WARN_DEPRECATED_OBJC_IMPLEMENTATIONS = YES;
				CLANG_WARN_DIRECT_OBJC_ISA_USAGE = YES_ERROR;
				CLANG_WARN_DOCUMENTATION_COMMENTS = YES;
				CLANG_WARN_EMPTY_BODY = YES;
				CLANG_WARN_ENUM_CONVERSION = YES;
				CLANG_WARN_INFINITE_RECURSION = YES;
				CLANG_WARN_INT_CONVERSION = YES;
				CLANG_WARN_NON_LITERAL_NULL_CONVERSION = YES;
				CLANG_WARN_OBJC_IMPLICIT_RETAIN_SELF = YES;
				CLANG_WARN_OBJC_LITERAL_CONVERSION = YES;
				CLANG_WARN_OBJC_ROOT_CLASS = YES_ERROR;
				CLANG_WARN_QUOTED_INCLUDE_IN_FRAMEWORK_HEADER = YES;
				CLANG_WARN_RANGE_LOOP_ANALYSIS = YES;
				CLANG_WARN_STRICT_PROTOTYPES = YES;
				CLANG_WARN_SUSPICIOUS_MOVE = YES;
				CLANG_WARN_UNGUARDED_AVAILABILITY = YES_AGGRESSIVE;
				CLANG_WARN_UNREACHABLE_CODE = YES;
				CLANG_WARN__DUPLICATE_METHOD_MATCH = YES;
				COPY_PHASE_STRIP = NO;
				DEBUG_INFORMATION_FORMAT = "dwarf-with-dsym";
				ENABLE_STRICT_OBJC_MSGSEND = YES;
				ENABLE_TESTABILITY = YES;
				GCC_C_LANGUAGE_STANDARD = gnu11;
				GCC_DYNAMIC_NO_PIC = NO;
				GCC_NO_COMMON_BLOCKS = YES;
				GCC_OPTIMIZATION_LEVEL = 0;
				GCC_PREPROCESSOR_DEFINITIONS = (
					"DEBUG=1",
					"$(inherited)",
				);
				GCC_WARN_64_TO_32_BIT_CONVERSION = YES;
				GCC_WARN_ABOUT_RETURN_TYPE = YES_ERROR;
				GCC_WARN_UNDECLARED_SELECTOR = YES;
				GCC_WARN_UNINITIALIZED_AUTOS = YES_AGGRESSIVE;
				GCC_WARN_UNUSED_FUNCTION = YES;
				GCC_WARN_UNUSED_VARIABLE = YES;
				IPHONEOS_DEPLOYMENT_TARGET = 14.1;
				MTL_ENABLE_DEBUG_INFO = INCLUDE_SOURCE;
				MTL_FAST_MATH = YES;
				ONLY_ACTIVE_ARCH = YES;
				SDKROOT = iphoneos;
				SWIFT_ACTIVE_COMPILATION_CONDITIONS = DEBUG;
				SWIFT_OPTIMIZATION_LEVEL = "-Onone";
			};
			name = Debug;
		};
		7555FFA4242A565B00829871 /* Release */ = {
			isa = XCBuildConfiguration;
			buildSettings = {
				ALWAYS_SEARCH_USER_PATHS = NO;
				CLANG_ANALYZER_NONNULL = YES;
				CLANG_ANALYZER_NUMBER_OBJECT_CONVERSION = YES_AGGRESSIVE;
				CLANG_CXX_LANGUAGE_STANDARD = "gnu++14";
				CLANG_CXX_LIBRARY = "libc++";
				CLANG_ENABLE_MODULES = YES;
				CLANG_ENABLE_OBJC_ARC = YES;
				CLANG_ENABLE_OBJC_WEAK = YES;
				CLANG_WARN_BLOCK_CAPTURE_AUTORELEASING = YES;
				CLANG_WARN_BOOL_CONVERSION = YES;
				CLANG_WARN_COMMA = YES;
				CLANG_WARN_CONSTANT_CONVERSION = YES;
				CLANG_WARN_DEPRECATED_OBJC_IMPLEMENTATIONS = YES;
				CLANG_WARN_DIRECT_OBJC_ISA_USAGE = YES_ERROR;
				CLANG_WARN_DOCUMENTATION_COMMENTS = YES;
				CLANG_WARN_EMPTY_BODY = YES;
				CLANG_WARN_ENUM_CONVERSION = YES;
				CLANG_WARN_INFINITE_RECURSION = YES;
				CLANG_WARN_INT_CONVERSION = YES;
				CLANG_WARN_NON_LITERAL_NULL_CONVERSION = YES;
				CLANG_WARN_OBJC_IMPLICIT_RETAIN_SELF = YES;
				CLANG_WARN_OBJC_LITERAL_CONVERSION = YES;
				CLANG_WARN_OBJC_ROOT_CLASS = YES_ERROR;
				CLANG_WARN_QUOTED_INCLUDE_IN_FRAMEWORK_HEADER = YES;
				CLANG_WARN_RANGE_LOOP_ANALYSIS = YES;
				CLANG_WARN_STRICT_PROTOTYPES = YES;
				CLANG_WARN_SUSPICIOUS_MOVE = YES;
				CLANG_WARN_UNGUARDED_AVAILABILITY = YES_AGGRESSIVE;
				CLANG_WARN_UNREACHABLE_CODE = YES;
				CLANG_WARN__DUPLICATE_METHOD_MATCH = YES;
				COPY_PHASE_STRIP = NO;
				DEBUG_INFORMATION_FORMAT = "dwarf-with-dsym";
				ENABLE_NS_ASSERTIONS = NO;
				ENABLE_STRICT_OBJC_MSGSEND = YES;
				GCC_C_LANGUAGE_STANDARD = gnu11;
				GCC_NO_COMMON_BLOCKS = YES;
				GCC_WARN_64_TO_32_BIT_CONVERSION = YES;
				GCC_WARN_ABOUT_RETURN_TYPE = YES_ERROR;
				GCC_WARN_UNDECLARED_SELECTOR = YES;
				GCC_WARN_UNINITIALIZED_AUTOS = YES_AGGRESSIVE;
				GCC_WARN_UNUSED_FUNCTION = YES;
				GCC_WARN_UNUSED_VARIABLE = YES;
				IPHONEOS_DEPLOYMENT_TARGET = 14.1;
				MTL_ENABLE_DEBUG_INFO = NO;
				MTL_FAST_MATH = YES;
				SDKROOT = iphoneos;
				SWIFT_COMPILATION_MODE = wholemodule;
				SWIFT_OPTIMIZATION_LEVEL = "-O";
				VALIDATE_PRODUCT = YES;
			};
			name = Release;
		};
		7555FFA6242A565B00829871 /* Debug */ = {
			isa = XCBuildConfiguration;
			buildSettings = {
				ASSETCATALOG_COMPILER_APPICON_NAME = AppIcon;
				CODE_SIGN_STYLE = Automatic;
				DEVELOPMENT_ASSET_PATHS = "\"iosApp/Preview Content\"";
				DEVELOPMENT_TEAM = 6STKBPLU2X;
				ENABLE_PREVIEWS = YES;
				FRAMEWORK_SEARCH_PATHS = (
					"$(inherited)",
					"$(SRCROOT)/../shared/build/xcode-frameworks/$(CONFIGURATION)/$(SDK_NAME)",
				);
				INFOPLIST_FILE = iosApp/Info.plist;
				IPHONEOS_DEPLOYMENT_TARGET = 16.0;
				LD_RUNPATH_SEARCH_PATHS = (
					"$(inherited)",
					"@executable_path/Frameworks",
				);
				OTHER_LDFLAGS = (
					"$(inherited)",
					"-framework",
					shared,
				);
				PRODUCT_BUNDLE_IDENTIFIER = com.business.locationappdemo;
				PRODUCT_NAME = "$(TARGET_NAME)";
				SWIFT_VERSION = 5.0;
				TARGETED_DEVICE_FAMILY = "1,2";
			};
			name = Debug;
		};
		7555FFA7242A565B00829871 /* Release */ = {
			isa = XCBuildConfiguration;
			buildSettings = {
				ASSETCATALOG_COMPILER_APPICON_NAME = AppIcon;
				CODE_SIGN_STYLE = Automatic;
				DEVELOPMENT_ASSET_PATHS = "\"iosApp/Preview Content\"";
				DEVELOPMENT_TEAM = 6STKBPLU2X;
				ENABLE_PREVIEWS = YES;
				FRAMEWORK_SEARCH_PATHS = (
					"$(inherited)",
					"$(SRCROOT)/../shared/build/xcode-frameworks/$(CONFIGURATION)/$(SDK_NAME)",
				);
				INFOPLIST_FILE = iosApp/Info.plist;
				IPHONEOS_DEPLOYMENT_TARGET = 16.0;
				LD_RUNPATH_SEARCH_PATHS = (
					"$(inherited)",
					"@executable_path/Frameworks",
				);
				OTHER_LDFLAGS = (
					"$(inherited)",
					"-framework",
					shared,
				);
				PRODUCT_BUNDLE_IDENTIFIER = com.business.locationappdemo;
				PRODUCT_NAME = "$(TARGET_NAME)";
				SWIFT_VERSION = 5.0;
				TARGETED_DEVICE_FAMILY = "1,2";
			};
			name = Release;
		};
/* End XCBuildConfiguration section */

/* Begin XCConfigurationList section */
		7555FF76242A565900829871 /* Build configuration list for PBXProject "iosApp" */ = {
			isa = XCConfigurationList;
			buildConfigurations = (
				7555FFA3242A565B00829871 /* Debug */,
				7555FFA4242A565B00829871 /* Release */,
			);
			defaultConfigurationIsVisible = 0;
			defaultConfigurationName = Release;
		};
		7555FFA5242A565B00829871 /* Build configuration list for PBXNativeTarget "iosApp" */ = {
			isa = XCConfigurationList;
			buildConfigurations = (
				7555FFA6242A565B00829871 /* Debug */,
				7555FFA7242A565B00829871 /* Release */,
			);
			defaultConfigurationIsVisible = 0;
			defaultConfigurationName = Release;
		};
/* End XCConfigurationList section */

/* Begin XCRemoteSwiftPackageReference section */
		9DB4467D2D14222000B80CDF /* XCRemoteSwiftPackageReference "ios-maps-sdk" */ = {
			isa = XCRemoteSwiftPackageReference;
			repositoryURL = "https://github.com/googlemaps/ios-maps-sdk";
			requirement = {
				kind = exactVersion;
				version = 9.2.0;
			};
		};
		9DB446802D142E2B00B80CDF /* XCRemoteSwiftPackageReference "firebase-ios-sdk" */ = {
			isa = XCRemoteSwiftPackageReference;
			repositoryURL = "https://github.com/firebase/firebase-ios-sdk";
			requirement = {
				kind = upToNextMajorVersion;
				minimumVersion = 11.6.0;
			};
		};
		9DB446B12D14317100B80CDF /* XCRemoteSwiftPackageReference "IQKeyboardManager" */ = {
			isa = XCRemoteSwiftPackageReference;
			repositoryURL = "https://github.com/hackiftekhar/IQKeyboardManager.git";
			requirement = {
				kind = upToNextMajorVersion;
				minimumVersion = 6.5.15;
			};
		};
		9DB446B42D1431A100B80CDF /* XCRemoteSwiftPackageReference "SwiftMessages" */ = {
			isa = XCRemoteSwiftPackageReference;
			repositoryURL = "https://github.com/SwiftKickMobile/SwiftMessages.git";
			requirement = {
				kind = exactVersion;
				version = 9.0.9;
			};
		};
		9DB446B72D1431D700B80CDF /* XCRemoteSwiftPackageReference "SDWebImageSwiftUI" */ = {
			isa = XCRemoteSwiftPackageReference;
			repositoryURL = "https://github.com/SDWebImage/SDWebImageSwiftUI.git";
			requirement = {
				kind = upToNextMajorVersion;
				minimumVersion = 3.1.3;
			};
		};
/* End XCRemoteSwiftPackageReference section */

/* Begin XCSwiftPackageProductDependency section */
		9DB4467E2D14222100B80CDF /* GoogleMaps */ = {
			isa = XCSwiftPackageProductDependency;
			package = 9DB4467D2D14222000B80CDF /* XCRemoteSwiftPackageReference "ios-maps-sdk" */;
			productName = GoogleMaps;
		};
		9DB446812D142E2B00B80CDF /* FirebaseAnalytics */ = {
			isa = XCSwiftPackageProductDependency;
			package = 9DB446802D142E2B00B80CDF /* XCRemoteSwiftPackageReference "firebase-ios-sdk" */;
			productName = FirebaseAnalytics;
		};
		9DB4468F2D142E2B00B80CDF /* FirebaseCore */ = {
			isa = XCSwiftPackageProductDependency;
			package = 9DB446802D142E2B00B80CDF /* XCRemoteSwiftPackageReference "firebase-ios-sdk" */;
			productName = FirebaseCore;
		};
		9DB446912D142E2B00B80CDF /* FirebaseCrashlytics */ = {
			isa = XCSwiftPackageProductDependency;
			package = 9DB446802D142E2B00B80CDF /* XCRemoteSwiftPackageReference "firebase-ios-sdk" */;
			productName = FirebaseCrashlytics;
		};
		9DB446932D142E2B00B80CDF /* FirebaseDatabase */ = {
			isa = XCSwiftPackageProductDependency;
			package = 9DB446802D142E2B00B80CDF /* XCRemoteSwiftPackageReference "firebase-ios-sdk" */;
			productName = FirebaseDatabase;
		};
		9DB446A52D142E2B00B80CDF /* FirebaseMessaging */ = {
			isa = XCSwiftPackageProductDependency;
			package = 9DB446802D142E2B00B80CDF /* XCRemoteSwiftPackageReference "firebase-ios-sdk" */;
			productName = FirebaseMessaging;
		};
		9DB446B22D14317100B80CDF /* IQKeyboardManagerSwift */ = {
			isa = XCSwiftPackageProductDependency;
			package = 9DB446B12D14317100B80CDF /* XCRemoteSwiftPackageReference "IQKeyboardManager" */;
			productName = IQKeyboardManagerSwift;
		};
		9DB446B52D1431A100B80CDF /* SwiftMessages */ = {
			isa = XCSwiftPackageProductDependency;
			package = 9DB446B42D1431A100B80CDF /* XCRemoteSwiftPackageReference "SwiftMessages" */;
			productName = SwiftMessages;
		};
		9DB446B82D1431D700B80CDF /* SDWebImageSwiftUI */ = {
			isa = XCSwiftPackageProductDependency;
			package = 9DB446B72D1431D700B80CDF /* XCRemoteSwiftPackageReference "SDWebImageSwiftUI" */;
			productName = SDWebImageSwiftUI;
		};
/* End XCSwiftPackageProductDependency section */
	};
	rootObject = 7555FF73242A565900829871 /* Project object */;
}
